
Microsoft Visual Studio Solution File, Format Version 12.00
# Visual Studio Version 17
VisualStudioVersion = 17.10.35122.118
MinimumVisualStudioVersion = 10.0.40219.1
Project("{FAE04EC0-301F-11D3-BF4B-00C04F79EFBC}") = "PointOfSale", "PointOfSale.csproj", "{4E20B667-51F2-4787-9846-15CCF0000688}"
EndProject
Global
	GlobalSection(SolutionConfigurationPlatforms) = preSolution
		Debug|Any CPU = Debug|Any CPU
		Release|Any CPU = Release|Any CPU
	EndGlobalSection
	GlobalSection(ProjectConfigurationPlatforms) = postSolution
		{4E20B667-51F2-4787-9846-15CCF0000688}.Debug|Any CPU.ActiveCfg = Debug|Any CPU
		{4E20B667-51F2-4787-9846-15CCF0000688}.Debug|Any CPU.Build.0 = Debug|Any CPU
		{4E20B667-51F2-4787-9846-15CCF0000688}.Release|Any CPU.ActiveCfg = Release|Any CPU
		{4E20B667-51F2-4787-9846-15CCF0000688}.Release|Any CPU.Build.0 = Release|Any CPU
	EndGlobalSection
	GlobalSection(SolutionProperties) = preSolution
		HideSolutionNode = FALSE
	EndGlobalSection
	GlobalSection(ExtensibilityGlobals) = postSolution
		SolutionGuid = {DE2091C8-E4E7-42F8-A2CB-7322594B04A3}
	EndGlobalSection
EndGlobal
